
Microsoft Visual Studio Solution File, Format Version 12.00
# Visual Studio Version 16
VisualStudioVersion = 16.0.29911.84
MinimumVisualStudioVersion = 10.0.40219.1
Project("{FAE04EC0-301F-11D3-BF4B-00C04F79EFBC}") = "NetflixWSDAL", "NetflixWSDAL\NetflixWSDAL.csproj", "{B776FA63-284C-4A96-8598-DFD1D03F5C26}"
EndProject
Global
	GlobalSection(SolutionConfigurationPlatforms) = preSolution
		Debug|Any CPU = Debug|Any CPU
		Release|Any CPU = Release|Any CPU
	EndGlobalSection
	GlobalSection(ProjectConfigurationPlatforms) = postSolution
		{B776FA63-284C-4A96-8598-DFD1D03F5C26}.Debug|Any CPU.ActiveCfg = Debug|Any CPU
		{B776FA63-284C-4A96-8598-DFD1D03F5C26}.Debug|Any CPU.Build.0 = Debug|Any CPU
		{B776FA63-284C-4A96-8598-DFD1D03F5C26}.Release|Any CPU.ActiveCfg = Release|Any CPU
		{B776FA63-284C-4A96-8598-DFD1D03F5C26}.Release|Any CPU.Build.0 = Release|Any CPU
	EndGlobalSection
	GlobalSection(SolutionProperties) = preSolution
		HideSolutionNode = FALSE
	EndGlobalSection
	GlobalSection(ExtensibilityGlobals) = postSolution
		SolutionGuid = {E1D59379-3ECA-47F3-93EE-3F84B55FAB90}
	EndGlobalSection
EndGlobal
